
Microsoft Visual Studio Solution File, Format Version 12.00
# Visual Studio 15
Project("{FAE04EC0-301F-11D3-BF4B-00C04F79EFBC}") = "GameOfLifeCSharpFinal", "GameOfLifeCSharpFinal\GameOfLifeCSharpFinal.csproj", "{EEC77C7D-E628-47DF-B1A7-1C14C657936E}"
EndProject
Global
	GlobalSection(SolutionConfigurationPlatforms) = preSolution
		Debug|Any CPU = Debug|Any CPU
		Release|Any CPU = Release|Any CPU
	EndGlobalSection
	GlobalSection(ProjectConfigurationPlatforms) = postSolution
		{EEC77C7D-E628-47DF-B1A7-1C14C657936E}.Debug|Any CPU.ActiveCfg = Debug|Any CPU
		{EEC77C7D-E628-47DF-B1A7-1C14C657936E}.Debug|Any CPU.Build.0 = Debug|Any CPU
		{EEC77C7D-E628-47DF-B1A7-1C14C657936E}.Release|Any CPU.ActiveCfg = Release|Any CPU
		{EEC77C7D-E628-47DF-B1A7-1C14C657936E}.Release|Any CPU.Build.0 = Release|Any CPU
	EndGlobalSection
EndGlobal
